// !$*UTF8*$!
{
	archiveVersion = 1;
	classes = {
	};
	objectVersion = 56;
	objects = {

/* Begin PBXBuildFile section */
		7B069B782B3392BA00F4342C /* DebuggingSceneDelegate.swift in Sources */ = {isa = PBXBuildFile; fileRef = 7B069B772B3392BA00F4342C /* DebuggingSceneDelegate.swift */; };
		7B069B7A2B349F5500F4342C /* SceneDelegateTests.swift in Sources */ = {isa = PBXBuildFile; fileRef = 7B069B792B349F5500F4342C /* SceneDelegateTests.swift */; };
		7B069B812B34A19500F4342C /* FeedViewAdapter.swift in Sources */ = {isa = PBXBuildFile; fileRef = 7B069B7E2B34A19500F4342C /* FeedViewAdapter.swift */; };
		7B069B822B34A19500F4342C /* FeedUIComposer.swift in Sources */ = {isa = PBXBuildFile; fileRef = 7B069B7B2B34A19400F4342C /* FeedUIComposer.swift */; };
		7B069B832B34A19500F4342C /* FeedLoaderPresentationAdapter.swift in Sources */ = {isa = PBXBuildFile; fileRef = 7B069B7D2B34A19400F4342C /* FeedLoaderPresentationAdapter.swift */; };
		7B069B842B34A19500F4342C /* MainQueueDispatchDecorator.swift in Sources */ = {isa = PBXBuildFile; fileRef = 7B069B802B34A19500F4342C /* MainQueueDispatchDecorator.swift */; };
		7B069B852B34A19500F4342C /* WeakRefVirtualProxy.swift in Sources */ = {isa = PBXBuildFile; fileRef = 7B069B7F2B34A19500F4342C /* WeakRefVirtualProxy.swift */; };
		7B069B862B34A19500F4342C /* FeedImageDataLoaderPresentationAdapter.swift in Sources */ = {isa = PBXBuildFile; fileRef = 7B069B7C2B34A19400F4342C /* FeedImageDataLoaderPresentationAdapter.swift */; };
		7B069B902B34A1D500F4342C /* FeedViewControllerTests+LoaderSpy.swift in Sources */ = {isa = PBXBuildFile; fileRef = 7B069B8B2B34A1D400F4342C /* FeedViewControllerTests+LoaderSpy.swift */; };
		7B069B912B34A1D500F4342C /* UIImage+TestHelpers.swift in Sources */ = {isa = PBXBuildFile; fileRef = 7B069B892B34A1D400F4342C /* UIImage+TestHelpers.swift */; };
		7B069B922B34A1D500F4342C /* UIRefreshControl+TestHelpers.swift in Sources */ = {isa = PBXBuildFile; fileRef = 7B069B8C2B34A1D400F4342C /* UIRefreshControl+TestHelpers.swift */; };
		7B069B932B34A1D500F4342C /* FeedImageCell+TestHelpers.swift in Sources */ = {isa = PBXBuildFile; fileRef = 7B069B872B34A1D400F4342C /* FeedImageCell+TestHelpers.swift */; };
		7B069B942B34A1D500F4342C /* UIButton+TestHelpers.swift in Sources */ = {isa = PBXBuildFile; fileRef = 7B069B8E2B34A1D500F4342C /* UIButton+TestHelpers.swift */; };
		7B069B952B34A1D500F4342C /* FeedViewControllerTests+Assertions.swift in Sources */ = {isa = PBXBuildFile; fileRef = 7B069B8F2B34A1D500F4342C /* FeedViewControllerTests+Assertions.swift */; };
		7B069B962B34A1D500F4342C /* FeedViewController+TestHelper.swift in Sources */ = {isa = PBXBuildFile; fileRef = 7B069B8D2B34A1D400F4342C /* FeedViewController+TestHelper.swift */; };
		7B069B972B34A1D500F4342C /* UIControl+TestHelpers.swift in Sources */ = {isa = PBXBuildFile; fileRef = 7B069B8A2B34A1D400F4342C /* UIControl+TestHelpers.swift */; };
		7B069B982B34A1D500F4342C /* FeedViewControllerTests+Localization.swift in Sources */ = {isa = PBXBuildFile; fileRef = 7B069B882B34A1D400F4342C /* FeedViewControllerTests+Localization.swift */; };
		7B069B9A2B34A3BC00F4342C /* FeedUIIntegrationTests.swift in Sources */ = {isa = PBXBuildFile; fileRef = 7B069B992B34A3BB00F4342C /* FeedUIIntegrationTests.swift */; };
		7B3825A72B30DDFA0060FBB6 /* FeedLoaderWithFallbackCompositeTests.swift in Sources */ = {isa = PBXBuildFile; fileRef = 7B3825A62B30DDFA0060FBB6 /* FeedLoaderWithFallbackCompositeTests.swift */; };
		7B3825A92B30E3B50060FBB6 /* FeedLoaderWithFallbackComposite.swift in Sources */ = {isa = PBXBuildFile; fileRef = 7B3825A82B30E3B50060FBB6 /* FeedLoaderWithFallbackComposite.swift */; };
		7B3825AB2B30E45A0060FBB6 /* FeedImageDataLoaderWithFallbackComposite.swift in Sources */ = {isa = PBXBuildFile; fileRef = 7B3825AA2B30E45A0060FBB6 /* FeedImageDataLoaderWithFallbackComposite.swift */; };
		7B3825AD2B30E4930060FBB6 /* FeedImageDataLoaderWithFallbackCompositeTests.swift in Sources */ = {isa = PBXBuildFile; fileRef = 7B3825AC2B30E4930060FBB6 /* FeedImageDataLoaderWithFallbackCompositeTests.swift */; };
		7B3825AF2B30E5A70060FBB6 /* XCTestCase+MemoryLeakTracking.swift in Sources */ = {isa = PBXBuildFile; fileRef = 7B3825AE2B30E5A70060FBB6 /* XCTestCase+MemoryLeakTracking.swift */; };
		7B51AB3B2B32151400E82E55 /* FeedLoaderCacheDecorator.swift in Sources */ = {isa = PBXBuildFile; fileRef = 7B51AB3A2B32151400E82E55 /* FeedLoaderCacheDecorator.swift */; };
		7B51AB3D2B321E9C00E82E55 /* FeedImageDataLoaderCacheDecoratorTests.swift in Sources */ = {isa = PBXBuildFile; fileRef = 7B51AB3C2B321E9C00E82E55 /* FeedImageDataLoaderCacheDecoratorTests.swift */; };
		7B51AB3F2B3220AE00E82E55 /* FeedImageDataLoaderSpy.swift in Sources */ = {isa = PBXBuildFile; fileRef = 7B51AB3E2B3220AE00E82E55 /* FeedImageDataLoaderSpy.swift */; };
		7B51AB412B32213500E82E55 /* XCTestCase+FeedImageDataLoader.swift in Sources */ = {isa = PBXBuildFile; fileRef = 7B51AB402B32213500E82E55 /* XCTestCase+FeedImageDataLoader.swift */; };
		7B51AB452B32236800E82E55 /* FeedImageDataLoaderCacheDecorator.swift in Sources */ = {isa = PBXBuildFile; fileRef = 7B51AB442B32236800E82E55 /* FeedImageDataLoaderCacheDecorator.swift */; };
		7B51AB4D2B33836600E82E55 /* EssentialAppUIAcceptanceTests.swift in Sources */ = {isa = PBXBuildFile; fileRef = 7B51AB4C2B33836600E82E55 /* EssentialAppUIAcceptanceTests.swift */; };
		7B7B65372B2BAEC900A86971 /* EssentialFeed.framework in Frameworks */ = {isa = PBXBuildFile; fileRef = 7B7B65352B2BAEC900A86971 /* EssentialFeed.framework */; };
		7B7B65382B2BAEC900A86971 /* EssentialFeed.framework in Embed Frameworks */ = {isa = PBXBuildFile; fileRef = 7B7B65352B2BAEC900A86971 /* EssentialFeed.framework */; settings = {ATTRIBUTES = (CodeSignOnCopy, RemoveHeadersOnCopy, ); }; };
		7B7B65392B2BAEC900A86971 /* EssentialFeediOS.framework in Frameworks */ = {isa = PBXBuildFile; fileRef = 7B7B65362B2BAEC900A86971 /* EssentialFeediOS.framework */; };
		7B7B653A2B2BAEC900A86971 /* EssentialFeediOS.framework in Embed Frameworks */ = {isa = PBXBuildFile; fileRef = 7B7B65362B2BAEC900A86971 /* EssentialFeediOS.framework */; settings = {ATTRIBUTES = (CodeSignOnCopy, RemoveHeadersOnCopy, ); }; };
		7BAE06BE2B2BACC5005F04C1 /* AppDelegate.swift in Sources */ = {isa = PBXBuildFile; fileRef = 7BAE06BD2B2BACC5005F04C1 /* AppDelegate.swift */; };
		7BAE06C02B2BACC5005F04C1 /* SceneDelegate.swift in Sources */ = {isa = PBXBuildFile; fileRef = 7BAE06BF2B2BACC5005F04C1 /* SceneDelegate.swift */; };
		7BAE06C22B2BACC5005F04C1 /* ViewController.swift in Sources */ = {isa = PBXBuildFile; fileRef = 7BAE06C12B2BACC5005F04C1 /* ViewController.swift */; };
		7BAE06C52B2BACC5005F04C1 /* Main.storyboard in Resources */ = {isa = PBXBuildFile; fileRef = 7BAE06C32B2BACC5005F04C1 /* Main.storyboard */; };
		7BAE06C72B2BACC7005F04C1 /* Assets.xcassets in Resources */ = {isa = PBXBuildFile; fileRef = 7BAE06C62B2BACC7005F04C1 /* Assets.xcassets */; };
		7BAE06CA2B2BACC7005F04C1 /* LaunchScreen.storyboard in Resources */ = {isa = PBXBuildFile; fileRef = 7BAE06C82B2BACC7005F04C1 /* LaunchScreen.storyboard */; };
		7BB38E7C2B3203EB009BFB94 /* XCTestCase+FeedLoader.swift in Sources */ = {isa = PBXBuildFile; fileRef = 7BB38E7B2B3203EB009BFB94 /* XCTestCase+FeedLoader.swift */; };
		7BDF489E2B31FEBB00D273A3 /* FeedLoaderCacheDecoratorTests.swift in Sources */ = {isa = PBXBuildFile; fileRef = 7BDF489D2B31FEBB00D273A3 /* FeedLoaderCacheDecoratorTests.swift */; };
		7BDF48A12B32018100D273A3 /* SharedTestHelpers.swift in Sources */ = {isa = PBXBuildFile; fileRef = 7BDF48A02B32018100D273A3 /* SharedTestHelpers.swift */; };
		7BDF48A32B32025100D273A3 /* FeedLoaderStub.swift in Sources */ = {isa = PBXBuildFile; fileRef = 7BDF48A22B32025100D273A3 /* FeedLoaderStub.swift */; };
/* End PBXBuildFile section */

/* Begin PBXContainerItemProxy section */
		7B51AB502B33836600E82E55 /* PBXContainerItemProxy */ = {
			isa = PBXContainerItemProxy;
			containerPortal = 7BAE06B22B2BACC5005F04C1 /* Project object */;
			proxyType = 1;
			remoteGlobalIDString = 7BAE06B92B2BACC5005F04C1;
			remoteInfo = EssentialApp;
		};
		7BAE06D12B2BACC8005F04C1 /* PBXContainerItemProxy */ = {
			isa = PBXContainerItemProxy;
			containerPortal = 7BAE06B22B2BACC5005F04C1 /* Project object */;
			proxyType = 1;
			remoteGlobalIDString = 7BAE06B92B2BACC5005F04C1;
			remoteInfo = EssentialApp;
		};
/* End PBXContainerItemProxy section */

/* Begin PBXCopyFilesBuildPhase section */
		7B7B653B2B2BAEC900A86971 /* Embed Frameworks */ = {
			isa = PBXCopyFilesBuildPhase;
			buildActionMask = 2147483647;
			dstPath = "";
			dstSubfolderSpec = 10;
			files = (
				7B7B65382B2BAEC900A86971 /* EssentialFeed.framework in Embed Frameworks */,
				7B7B653A2B2BAEC900A86971 /* EssentialFeediOS.framework in Embed Frameworks */,
			);
			name = "Embed Frameworks";
			runOnlyForDeploymentPostprocessing = 0;
		};
/* End PBXCopyFilesBuildPhase section */

/* Begin PBXFileReference section */
		7B069B772B3392BA00F4342C /* DebuggingSceneDelegate.swift */ = {isa = PBXFileReference; lastKnownFileType = sourcecode.swift; path = DebuggingSceneDelegate.swift; sourceTree = "<group>"; };
		7B069B792B349F5500F4342C /* SceneDelegateTests.swift */ = {isa = PBXFileReference; lastKnownFileType = sourcecode.swift; path = SceneDelegateTests.swift; sourceTree = "<group>"; };
		7B069B7B2B34A19400F4342C /* FeedUIComposer.swift */ = {isa = PBXFileReference; lastKnownFileType = sourcecode.swift; path = FeedUIComposer.swift; sourceTree = "<group>"; };
		7B069B7C2B34A19400F4342C /* FeedImageDataLoaderPresentationAdapter.swift */ = {isa = PBXFileReference; lastKnownFileType = sourcecode.swift; path = FeedImageDataLoaderPresentationAdapter.swift; sourceTree = "<group>"; };
		7B069B7D2B34A19400F4342C /* FeedLoaderPresentationAdapter.swift */ = {isa = PBXFileReference; lastKnownFileType = sourcecode.swift; path = FeedLoaderPresentationAdapter.swift; sourceTree = "<group>"; };
		7B069B7E2B34A19500F4342C /* FeedViewAdapter.swift */ = {isa = PBXFileReference; lastKnownFileType = sourcecode.swift; path = FeedViewAdapter.swift; sourceTree = "<group>"; };
		7B069B7F2B34A19500F4342C /* WeakRefVirtualProxy.swift */ = {isa = PBXFileReference; lastKnownFileType = sourcecode.swift; path = WeakRefVirtualProxy.swift; sourceTree = "<group>"; };
		7B069B802B34A19500F4342C /* MainQueueDispatchDecorator.swift */ = {isa = PBXFileReference; lastKnownFileType = sourcecode.swift; path = MainQueueDispatchDecorator.swift; sourceTree = "<group>"; };
		7B069B872B34A1D400F4342C /* FeedImageCell+TestHelpers.swift */ = {isa = PBXFileReference; lastKnownFileType = sourcecode.swift; path = "FeedImageCell+TestHelpers.swift"; sourceTree = "<group>"; };
		7B069B882B34A1D400F4342C /* FeedViewControllerTests+Localization.swift */ = {isa = PBXFileReference; lastKnownFileType = sourcecode.swift; path = "FeedViewControllerTests+Localization.swift"; sourceTree = "<group>"; };
		7B069B892B34A1D400F4342C /* UIImage+TestHelpers.swift */ = {isa = PBXFileReference; lastKnownFileType = sourcecode.swift; path = "UIImage+TestHelpers.swift"; sourceTree = "<group>"; };
		7B069B8A2B34A1D400F4342C /* UIControl+TestHelpers.swift */ = {isa = PBXFileReference; lastKnownFileType = sourcecode.swift; path = "UIControl+TestHelpers.swift"; sourceTree = "<group>"; };
		7B069B8B2B34A1D400F4342C /* FeedViewControllerTests+LoaderSpy.swift */ = {isa = PBXFileReference; lastKnownFileType = sourcecode.swift; path = "FeedViewControllerTests+LoaderSpy.swift"; sourceTree = "<group>"; };
		7B069B8C2B34A1D400F4342C /* UIRefreshControl+TestHelpers.swift */ = {isa = PBXFileReference; lastKnownFileType = sourcecode.swift; path = "UIRefreshControl+TestHelpers.swift"; sourceTree = "<group>"; };
		7B069B8D2B34A1D400F4342C /* FeedViewController+TestHelper.swift */ = {isa = PBXFileReference; lastKnownFileType = sourcecode.swift; path = "FeedViewController+TestHelper.swift"; sourceTree = "<group>"; };
		7B069B8E2B34A1D500F4342C /* UIButton+TestHelpers.swift */ = {isa = PBXFileReference; lastKnownFileType = sourcecode.swift; path = "UIButton+TestHelpers.swift"; sourceTree = "<group>"; };
		7B069B8F2B34A1D500F4342C /* FeedViewControllerTests+Assertions.swift */ = {isa = PBXFileReference; lastKnownFileType = sourcecode.swift; path = "FeedViewControllerTests+Assertions.swift"; sourceTree = "<group>"; };
		7B069B992B34A3BB00F4342C /* FeedUIIntegrationTests.swift */ = {isa = PBXFileReference; lastKnownFileType = sourcecode.swift; path = FeedUIIntegrationTests.swift; sourceTree = "<group>"; };
		7B3825A52B30DDFA0060FBB6 /* EssentialAppTests-Bridging-Header.h */ = {isa = PBXFileReference; lastKnownFileType = sourcecode.c.h; path = "EssentialAppTests-Bridging-Header.h"; sourceTree = "<group>"; };
		7B3825A62B30DDFA0060FBB6 /* FeedLoaderWithFallbackCompositeTests.swift */ = {isa = PBXFileReference; lastKnownFileType = sourcecode.swift; path = FeedLoaderWithFallbackCompositeTests.swift; sourceTree = "<group>"; };
		7B3825A82B30E3B50060FBB6 /* FeedLoaderWithFallbackComposite.swift */ = {isa = PBXFileReference; lastKnownFileType = sourcecode.swift; path = FeedLoaderWithFallbackComposite.swift; sourceTree = "<group>"; };
		7B3825AA2B30E45A0060FBB6 /* FeedImageDataLoaderWithFallbackComposite.swift */ = {isa = PBXFileReference; lastKnownFileType = sourcecode.swift; path = FeedImageDataLoaderWithFallbackComposite.swift; sourceTree = "<group>"; };
		7B3825AC2B30E4930060FBB6 /* FeedImageDataLoaderWithFallbackCompositeTests.swift */ = {isa = PBXFileReference; lastKnownFileType = sourcecode.swift; path = FeedImageDataLoaderWithFallbackCompositeTests.swift; sourceTree = "<group>"; };
		7B3825AE2B30E5A70060FBB6 /* XCTestCase+MemoryLeakTracking.swift */ = {isa = PBXFileReference; lastKnownFileType = sourcecode.swift; path = "XCTestCase+MemoryLeakTracking.swift"; sourceTree = "<group>"; };
		7B51AB3A2B32151400E82E55 /* FeedLoaderCacheDecorator.swift */ = {isa = PBXFileReference; lastKnownFileType = sourcecode.swift; path = FeedLoaderCacheDecorator.swift; sourceTree = "<group>"; };
		7B51AB3C2B321E9C00E82E55 /* FeedImageDataLoaderCacheDecoratorTests.swift */ = {isa = PBXFileReference; lastKnownFileType = sourcecode.swift; path = FeedImageDataLoaderCacheDecoratorTests.swift; sourceTree = "<group>"; };
		7B51AB3E2B3220AE00E82E55 /* FeedImageDataLoaderSpy.swift */ = {isa = PBXFileReference; lastKnownFileType = sourcecode.swift; path = FeedImageDataLoaderSpy.swift; sourceTree = "<group>"; };
		7B51AB402B32213500E82E55 /* XCTestCase+FeedImageDataLoader.swift */ = {isa = PBXFileReference; lastKnownFileType = sourcecode.swift; path = "XCTestCase+FeedImageDataLoader.swift"; sourceTree = "<group>"; };
		7B51AB442B32236800E82E55 /* FeedImageDataLoaderCacheDecorator.swift */ = {isa = PBXFileReference; lastKnownFileType = sourcecode.swift; path = FeedImageDataLoaderCacheDecorator.swift; sourceTree = "<group>"; };
		7B51AB4A2B33836600E82E55 /* EssentialAppUIAcceptanceTests.xctest */ = {isa = PBXFileReference; explicitFileType = wrapper.cfbundle; includeInIndex = 0; path = EssentialAppUIAcceptanceTests.xctest; sourceTree = BUILT_PRODUCTS_DIR; };
		7B51AB4C2B33836600E82E55 /* EssentialAppUIAcceptanceTests.swift */ = {isa = PBXFileReference; lastKnownFileType = sourcecode.swift; path = EssentialAppUIAcceptanceTests.swift; sourceTree = "<group>"; };
		7B7B65352B2BAEC900A86971 /* EssentialFeed.framework */ = {isa = PBXFileReference; explicitFileType = wrapper.framework; path = EssentialFeed.framework; sourceTree = BUILT_PRODUCTS_DIR; };
		7B7B65362B2BAEC900A86971 /* EssentialFeediOS.framework */ = {isa = PBXFileReference; explicitFileType = wrapper.framework; path = EssentialFeediOS.framework; sourceTree = BUILT_PRODUCTS_DIR; };
		7BAE06BA2B2BACC5005F04C1 /* EssentialApp.app */ = {isa = PBXFileReference; explicitFileType = wrapper.application; includeInIndex = 0; path = EssentialApp.app; sourceTree = BUILT_PRODUCTS_DIR; };
		7BAE06BD2B2BACC5005F04C1 /* AppDelegate.swift */ = {isa = PBXFileReference; lastKnownFileType = sourcecode.swift; path = AppDelegate.swift; sourceTree = "<group>"; };
		7BAE06BF2B2BACC5005F04C1 /* SceneDelegate.swift */ = {isa = PBXFileReference; lastKnownFileType = sourcecode.swift; path = SceneDelegate.swift; sourceTree = "<group>"; };
		7BAE06C12B2BACC5005F04C1 /* ViewController.swift */ = {isa = PBXFileReference; lastKnownFileType = sourcecode.swift; path = ViewController.swift; sourceTree = "<group>"; };
		7BAE06C42B2BACC5005F04C1 /* Base */ = {isa = PBXFileReference; lastKnownFileType = file.storyboard; name = Base; path = Base.lproj/Main.storyboard; sourceTree = "<group>"; };
		7BAE06C62B2BACC7005F04C1 /* Assets.xcassets */ = {isa = PBXFileReference; lastKnownFileType = folder.assetcatalog; path = Assets.xcassets; sourceTree = "<group>"; };
		7BAE06C92B2BACC7005F04C1 /* Base */ = {isa = PBXFileReference; lastKnownFileType = file.storyboard; name = Base; path = Base.lproj/LaunchScreen.storyboard; sourceTree = "<group>"; };
		7BAE06CB2B2BACC7005F04C1 /* Info.plist */ = {isa = PBXFileReference; lastKnownFileType = text.plist.xml; path = Info.plist; sourceTree = "<group>"; };
		7BAE06D02B2BACC8005F04C1 /* EssentialAppTests.xctest */ = {isa = PBXFileReference; explicitFileType = wrapper.cfbundle; includeInIndex = 0; path = EssentialAppTests.xctest; sourceTree = BUILT_PRODUCTS_DIR; };
		7BB38E7B2B3203EB009BFB94 /* XCTestCase+FeedLoader.swift */ = {isa = PBXFileReference; lastKnownFileType = sourcecode.swift; path = "XCTestCase+FeedLoader.swift"; sourceTree = "<group>"; };
		7BDF489D2B31FEBB00D273A3 /* FeedLoaderCacheDecoratorTests.swift */ = {isa = PBXFileReference; lastKnownFileType = sourcecode.swift; path = FeedLoaderCacheDecoratorTests.swift; sourceTree = "<group>"; };
		7BDF48A02B32018100D273A3 /* SharedTestHelpers.swift */ = {isa = PBXFileReference; lastKnownFileType = sourcecode.swift; path = SharedTestHelpers.swift; sourceTree = "<group>"; };
		7BDF48A22B32025100D273A3 /* FeedLoaderStub.swift */ = {isa = PBXFileReference; lastKnownFileType = sourcecode.swift; path = FeedLoaderStub.swift; sourceTree = "<group>"; };
/* End PBXFileReference section */

/* Begin PBXFrameworksBuildPhase section */
		7B51AB472B33836600E82E55 /* Frameworks */ = {
			isa = PBXFrameworksBuildPhase;
			buildActionMask = 2147483647;
			files = (
			);
			runOnlyForDeploymentPostprocessing = 0;
		};
		7BAE06B72B2BACC5005F04C1 /* Frameworks */ = {
			isa = PBXFrameworksBuildPhase;
			buildActionMask = 2147483647;
			files = (
				7B7B65372B2BAEC900A86971 /* EssentialFeed.framework in Frameworks */,
				7B7B65392B2BAEC900A86971 /* EssentialFeediOS.framework in Frameworks */,
			);
			runOnlyForDeploymentPostprocessing = 0;
		};
		7BAE06CD2B2BACC8005F04C1 /* Frameworks */ = {
			isa = PBXFrameworksBuildPhase;
			buildActionMask = 2147483647;
			files = (
			);
			runOnlyForDeploymentPostprocessing = 0;
		};
/* End PBXFrameworksBuildPhase section */

/* Begin PBXGroup section */
		7B51AB4B2B33836600E82E55 /* EssentialAppUIAcceptanceTests */ = {
			isa = PBXGroup;
			children = (
				7B51AB4C2B33836600E82E55 /* EssentialAppUIAcceptanceTests.swift */,
			);
			path = EssentialAppUIAcceptanceTests;
			sourceTree = "<group>";
		};
		7B7B65342B2BAEC900A86971 /* Frameworks */ = {
			isa = PBXGroup;
			children = (
				7B7B65352B2BAEC900A86971 /* EssentialFeed.framework */,
				7B7B65362B2BAEC900A86971 /* EssentialFeediOS.framework */,
			);
			name = Frameworks;
			sourceTree = "<group>";
		};
		7BAE06B12B2BACC5005F04C1 = {
			isa = PBXGroup;
			children = (
				7BAE06BC2B2BACC5005F04C1 /* EssentialApp */,
				7BAE06D32B2BACC8005F04C1 /* EssentialAppTests */,
				7B51AB4B2B33836600E82E55 /* EssentialAppUIAcceptanceTests */,
				7BAE06BB2B2BACC5005F04C1 /* Products */,
				7B7B65342B2BAEC900A86971 /* Frameworks */,
			);
			sourceTree = "<group>";
		};
		7BAE06BB2B2BACC5005F04C1 /* Products */ = {
			isa = PBXGroup;
			children = (
				7BAE06BA2B2BACC5005F04C1 /* EssentialApp.app */,
				7BAE06D02B2BACC8005F04C1 /* EssentialAppTests.xctest */,
				7B51AB4A2B33836600E82E55 /* EssentialAppUIAcceptanceTests.xctest */,
			);
			name = Products;
			sourceTree = "<group>";
		};
		7BAE06BC2B2BACC5005F04C1 /* EssentialApp */ = {
			isa = PBXGroup;
			children = (
				7BAE06BD2B2BACC5005F04C1 /* AppDelegate.swift */,
				7BAE06BF2B2BACC5005F04C1 /* SceneDelegate.swift */,
				7B069B772B3392BA00F4342C /* DebuggingSceneDelegate.swift */,
				7BAE06C12B2BACC5005F04C1 /* ViewController.swift */,
				7BAE06C32B2BACC5005F04C1 /* Main.storyboard */,
				7BAE06C62B2BACC7005F04C1 /* Assets.xcassets */,
				7BAE06C82B2BACC7005F04C1 /* LaunchScreen.storyboard */,
				7BAE06CB2B2BACC7005F04C1 /* Info.plist */,
				7B3825A82B30E3B50060FBB6 /* FeedLoaderWithFallbackComposite.swift */,
				7B3825AA2B30E45A0060FBB6 /* FeedImageDataLoaderWithFallbackComposite.swift */,
				7B51AB3A2B32151400E82E55 /* FeedLoaderCacheDecorator.swift */,
				7B51AB442B32236800E82E55 /* FeedImageDataLoaderCacheDecorator.swift */,
				7B069B7B2B34A19400F4342C /* FeedUIComposer.swift */,
				7B069B802B34A19500F4342C /* MainQueueDispatchDecorator.swift */,
				7B069B7F2B34A19500F4342C /* WeakRefVirtualProxy.swift */,
				7B069B7C2B34A19400F4342C /* FeedImageDataLoaderPresentationAdapter.swift */,
				7B069B7D2B34A19400F4342C /* FeedLoaderPresentationAdapter.swift */,
				7B069B7E2B34A19500F4342C /* FeedViewAdapter.swift */,
			);
			path = EssentialApp;
			sourceTree = "<group>";
		};
		7BAE06D32B2BACC8005F04C1 /* EssentialAppTests */ = {
			isa = PBXGroup;
			children = (
				7BDF489F2B32016900D273A3 /* Helpers */,
				7B3825A62B30DDFA0060FBB6 /* FeedLoaderWithFallbackCompositeTests.swift */,
				7B3825AC2B30E4930060FBB6 /* FeedImageDataLoaderWithFallbackCompositeTests.swift */,
				7BDF489D2B31FEBB00D273A3 /* FeedLoaderCacheDecoratorTests.swift */,
				7B51AB3C2B321E9C00E82E55 /* FeedImageDataLoaderCacheDecoratorTests.swift */,
				7B069B792B349F5500F4342C /* SceneDelegateTests.swift */,
				7B3825A52B30DDFA0060FBB6 /* EssentialAppTests-Bridging-Header.h */,
			);
			path = EssentialAppTests;
			sourceTree = "<group>";
		};
		7BDF489F2B32016900D273A3 /* Helpers */ = {
			isa = PBXGroup;
			children = (
				7B069B992B34A3BB00F4342C /* FeedUIIntegrationTests.swift */,
				7B069B8D2B34A1D400F4342C /* FeedViewController+TestHelper.swift */,
				7B069B872B34A1D400F4342C /* FeedImageCell+TestHelpers.swift */,
				7B069B8F2B34A1D500F4342C /* FeedViewControllerTests+Assertions.swift */,
				7B069B892B34A1D400F4342C /* UIImage+TestHelpers.swift */,
				7B069B8C2B34A1D400F4342C /* UIRefreshControl+TestHelpers.swift */,
				7B069B8E2B34A1D500F4342C /* UIButton+TestHelpers.swift */,
				7B069B8A2B34A1D400F4342C /* UIControl+TestHelpers.swift */,
				7B069B8B2B34A1D400F4342C /* FeedViewControllerTests+LoaderSpy.swift */,
				7B069B882B34A1D400F4342C /* FeedViewControllerTests+Localization.swift */,
				7B3825AE2B30E5A70060FBB6 /* XCTestCase+MemoryLeakTracking.swift */,
				7BDF48A02B32018100D273A3 /* SharedTestHelpers.swift */,
				7BDF48A22B32025100D273A3 /* FeedLoaderStub.swift */,
				7BB38E7B2B3203EB009BFB94 /* XCTestCase+FeedLoader.swift */,
				7B51AB3E2B3220AE00E82E55 /* FeedImageDataLoaderSpy.swift */,
				7B51AB402B32213500E82E55 /* XCTestCase+FeedImageDataLoader.swift */,
			);
			path = Helpers;
			sourceTree = "<group>";
		};
/* End PBXGroup section */

/* Begin PBXNativeTarget section */
		7B51AB492B33836600E82E55 /* EssentialAppUIAcceptanceTests */ = {
			isa = PBXNativeTarget;
			buildConfigurationList = 7B51AB542B33836700E82E55 /* Build configuration list for PBXNativeTarget "EssentialAppUIAcceptanceTests" */;
			buildPhases = (
				7B51AB462B33836600E82E55 /* Sources */,
				7B51AB472B33836600E82E55 /* Frameworks */,
				7B51AB482B33836600E82E55 /* Resources */,
			);
			buildRules = (
			);
			dependencies = (
				7B51AB512B33836600E82E55 /* PBXTargetDependency */,
			);
			name = EssentialAppUIAcceptanceTests;
			productName = EssentialAppUIAcceptanceTests;
			productReference = 7B51AB4A2B33836600E82E55 /* EssentialAppUIAcceptanceTests.xctest */;
			productType = "com.apple.product-type.bundle.ui-testing";
		};
		7BAE06B92B2BACC5005F04C1 /* EssentialApp */ = {
			isa = PBXNativeTarget;
			buildConfigurationList = 7BAE06E42B2BACC8005F04C1 /* Build configuration list for PBXNativeTarget "EssentialApp" */;
			buildPhases = (
				7BAE06B62B2BACC5005F04C1 /* Sources */,
				7BAE06B72B2BACC5005F04C1 /* Frameworks */,
				7BAE06B82B2BACC5005F04C1 /* Resources */,
				7B7B653B2B2BAEC900A86971 /* Embed Frameworks */,
			);
			buildRules = (
			);
			dependencies = (
			);
			name = EssentialApp;
			productName = EssentialApp;
			productReference = 7BAE06BA2B2BACC5005F04C1 /* EssentialApp.app */;
			productType = "com.apple.product-type.application";
		};
		7BAE06CF2B2BACC8005F04C1 /* EssentialAppTests */ = {
			isa = PBXNativeTarget;
			buildConfigurationList = 7BAE06E72B2BACC8005F04C1 /* Build configuration list for PBXNativeTarget "EssentialAppTests" */;
			buildPhases = (
				7BAE06CC2B2BACC8005F04C1 /* Sources */,
				7BAE06CD2B2BACC8005F04C1 /* Frameworks */,
				7BAE06CE2B2BACC8005F04C1 /* Resources */,
			);
			buildRules = (
			);
			dependencies = (
				7BAE06D22B2BACC8005F04C1 /* PBXTargetDependency */,
			);
			name = EssentialAppTests;
			productName = EssentialAppTests;
			productReference = 7BAE06D02B2BACC8005F04C1 /* EssentialAppTests.xctest */;
			productType = "com.apple.product-type.bundle.unit-test";
		};
/* End PBXNativeTarget section */

/* Begin PBXProject section */
		7BAE06B22B2BACC5005F04C1 /* Project object */ = {
			isa = PBXProject;
			attributes = {
				BuildIndependentTargetsInParallel = 1;
				LastSwiftUpdateCheck = 1500;
				LastUpgradeCheck = 1500;
				TargetAttributes = {
					7B51AB492B33836600E82E55 = {
						CreatedOnToolsVersion = 15.0;
						TestTargetID = 7BAE06B92B2BACC5005F04C1;
					};
					7BAE06B92B2BACC5005F04C1 = {
						CreatedOnToolsVersion = 15.0;
					};
					7BAE06CF2B2BACC8005F04C1 = {
						CreatedOnToolsVersion = 15.0;
						LastSwiftMigration = 1500;
						TestTargetID = 7BAE06B92B2BACC5005F04C1;
					};
				};
			};
			buildConfigurationList = 7BAE06B52B2BACC5005F04C1 /* Build configuration list for PBXProject "EssentialApp" */;
			compatibilityVersion = "Xcode 14.0";
			developmentRegion = en;
			hasScannedForEncodings = 0;
			knownRegions = (
				en,
				Base,
			);
			mainGroup = 7BAE06B12B2BACC5005F04C1;
			productRefGroup = 7BAE06BB2B2BACC5005F04C1 /* Products */;
			projectDirPath = "";
			projectRoot = "";
			targets = (
				7BAE06B92B2BACC5005F04C1 /* EssentialApp */,
				7BAE06CF2B2BACC8005F04C1 /* EssentialAppTests */,
				7B51AB492B33836600E82E55 /* EssentialAppUIAcceptanceTests */,
			);
		};
/* End PBXProject section */

/* Begin PBXResourcesBuildPhase section */
		7B51AB482B33836600E82E55 /* Resources */ = {
			isa = PBXResourcesBuildPhase;
			buildActionMask = 2147483647;
			files = (
			);
			runOnlyForDeploymentPostprocessing = 0;
		};
		7BAE06B82B2BACC5005F04C1 /* Resources */ = {
			isa = PBXResourcesBuildPhase;
			buildActionMask = 2147483647;
			files = (
				7BAE06CA2B2BACC7005F04C1 /* LaunchScreen.storyboard in Resources */,
				7BAE06C72B2BACC7005F04C1 /* Assets.xcassets in Resources */,
				7BAE06C52B2BACC5005F04C1 /* Main.storyboard in Resources */,
			);
			runOnlyForDeploymentPostprocessing = 0;
		};
		7BAE06CE2B2BACC8005F04C1 /* Resources */ = {
			isa = PBXResourcesBuildPhase;
			buildActionMask = 2147483647;
			files = (
			);
			runOnlyForDeploymentPostprocessing = 0;
		};
/* End PBXResourcesBuildPhase section */

/* Begin PBXSourcesBuildPhase section */
		7B51AB462B33836600E82E55 /* Sources */ = {
			isa = PBXSourcesBuildPhase;
			buildActionMask = 2147483647;
			files = (
				7B51AB4D2B33836600E82E55 /* EssentialAppUIAcceptanceTests.swift in Sources */,
			);
			runOnlyForDeploymentPostprocessing = 0;
		};
		7BAE06B62B2BACC5005F04C1 /* Sources */ = {
			isa = PBXSourcesBuildPhase;
			buildActionMask = 2147483647;
			files = (
				7B069B832B34A19500F4342C /* FeedLoaderPresentationAdapter.swift in Sources */,
				7BAE06C22B2BACC5005F04C1 /* ViewController.swift in Sources */,
				7B069B862B34A19500F4342C /* FeedImageDataLoaderPresentationAdapter.swift in Sources */,
				7BAE06BE2B2BACC5005F04C1 /* AppDelegate.swift in Sources */,
				7B3825A92B30E3B50060FBB6 /* FeedLoaderWithFallbackComposite.swift in Sources */,
				7B069B842B34A19500F4342C /* MainQueueDispatchDecorator.swift in Sources */,
				7B51AB3B2B32151400E82E55 /* FeedLoaderCacheDecorator.swift in Sources */,
				7B069B782B3392BA00F4342C /* DebuggingSceneDelegate.swift in Sources */,
				7BAE06C02B2BACC5005F04C1 /* SceneDelegate.swift in Sources */,
				7B3825AB2B30E45A0060FBB6 /* FeedImageDataLoaderWithFallbackComposite.swift in Sources */,
				7B069B812B34A19500F4342C /* FeedViewAdapter.swift in Sources */,
				7B51AB452B32236800E82E55 /* FeedImageDataLoaderCacheDecorator.swift in Sources */,
				7B069B852B34A19500F4342C /* WeakRefVirtualProxy.swift in Sources */,
				7B069B822B34A19500F4342C /* FeedUIComposer.swift in Sources */,
			);
			runOnlyForDeploymentPostprocessing = 0;
		};
		7BAE06CC2B2BACC8005F04C1 /* Sources */ = {
			isa = PBXSourcesBuildPhase;
			buildActionMask = 2147483647;
			files = (
				7B3825AD2B30E4930060FBB6 /* FeedImageDataLoaderWithFallbackCompositeTests.swift in Sources */,
				7B51AB3D2B321E9C00E82E55 /* FeedImageDataLoaderCacheDecoratorTests.swift in Sources */,
				7BB38E7C2B3203EB009BFB94 /* XCTestCase+FeedLoader.swift in Sources */,
				7B51AB412B32213500E82E55 /* XCTestCase+FeedImageDataLoader.swift in Sources */,
				7B069B7A2B349F5500F4342C /* SceneDelegateTests.swift in Sources */,
				7B069B912B34A1D500F4342C /* UIImage+TestHelpers.swift in Sources */,
				7B069B952B34A1D500F4342C /* FeedViewControllerTests+Assertions.swift in Sources */,
				7B069B982B34A1D500F4342C /* FeedViewControllerTests+Localization.swift in Sources */,
				7B3825A72B30DDFA0060FBB6 /* FeedLoaderWithFallbackCompositeTests.swift in Sources */,
				7B069B932B34A1D500F4342C /* FeedImageCell+TestHelpers.swift in Sources */,
				7B51AB3F2B3220AE00E82E55 /* FeedImageDataLoaderSpy.swift in Sources */,
				7BDF48A12B32018100D273A3 /* SharedTestHelpers.swift in Sources */,
				7B3825AF2B30E5A70060FBB6 /* XCTestCase+MemoryLeakTracking.swift in Sources */,
				7B069B962B34A1D500F4342C /* FeedViewController+TestHelper.swift in Sources */,
				7BDF48A32B32025100D273A3 /* FeedLoaderStub.swift in Sources */,
				7B069B922B34A1D500F4342C /* UIRefreshControl+TestHelpers.swift in Sources */,
				7B069B942B34A1D500F4342C /* UIButton+TestHelpers.swift in Sources */,
				7B069B972B34A1D500F4342C /* UIControl+TestHelpers.swift in Sources */,
				7B069B902B34A1D500F4342C /* FeedViewControllerTests+LoaderSpy.swift in Sources */,
				7B069B9A2B34A3BC00F4342C /* FeedUIIntegrationTests.swift in Sources */,
				7BDF489E2B31FEBB00D273A3 /* FeedLoaderCacheDecoratorTests.swift in Sources */,
			);
			runOnlyForDeploymentPostprocessing = 0;
		};
/* End PBXSourcesBuildPhase section */

/* Begin PBXTargetDependency section */
		7B51AB512B33836600E82E55 /* PBXTargetDependency */ = {
			isa = PBXTargetDependency;
			target = 7BAE06B92B2BACC5005F04C1 /* EssentialApp */;
			targetProxy = 7B51AB502B33836600E82E55 /* PBXContainerItemProxy */;
		};
		7BAE06D22B2BACC8005F04C1 /* PBXTargetDependency */ = {
			isa = PBXTargetDependency;
			target = 7BAE06B92B2BACC5005F04C1 /* EssentialApp */;
			targetProxy = 7BAE06D12B2BACC8005F04C1 /* PBXContainerItemProxy */;
		};
/* End PBXTargetDependency section */

/* Begin PBXVariantGroup section */
		7BAE06C32B2BACC5005F04C1 /* Main.storyboard */ = {
			isa = PBXVariantGroup;
			children = (
				7BAE06C42B2BACC5005F04C1 /* Base */,
			);
			name = Main.storyboard;
			sourceTree = "<group>";
		};
		7BAE06C82B2BACC7005F04C1 /* LaunchScreen.storyboard */ = {
			isa = PBXVariantGroup;
			children = (
				7BAE06C92B2BACC7005F04C1 /* Base */,
			);
			name = LaunchScreen.storyboard;
			sourceTree = "<group>";
		};
/* End PBXVariantGroup section */

/* Begin XCBuildConfiguration section */
		7B51AB522B33836700E82E55 /* Debug */ = {
			isa = XCBuildConfiguration;
			buildSettings = {
				CODE_SIGN_STYLE = Automatic;
				CURRENT_PROJECT_VERSION = 1;
				GENERATE_INFOPLIST_FILE = YES;
				MARKETING_VERSION = 1.0;
				PRODUCT_BUNDLE_IDENTIFIER = com.fernandozaldivarcoto.EssentialAppUIAcceptanceTests;
				PRODUCT_NAME = "$(TARGET_NAME)";
				SWIFT_EMIT_LOC_STRINGS = NO;
				SWIFT_VERSION = 5.0;
				TARGETED_DEVICE_FAMILY = "1,2";
				TEST_TARGET_NAME = EssentialApp;
			};
			name = Debug;
		};
		7B51AB532B33836700E82E55 /* Release */ = {
			isa = XCBuildConfiguration;
			buildSettings = {
				CODE_SIGN_STYLE = Automatic;
				CURRENT_PROJECT_VERSION = 1;
				GENERATE_INFOPLIST_FILE = YES;
				MARKETING_VERSION = 1.0;
				PRODUCT_BUNDLE_IDENTIFIER = com.fernandozaldivarcoto.EssentialAppUIAcceptanceTests;
				PRODUCT_NAME = "$(TARGET_NAME)";
				SWIFT_EMIT_LOC_STRINGS = NO;
				SWIFT_VERSION = 5.0;
				TARGETED_DEVICE_FAMILY = "1,2";
				TEST_TARGET_NAME = EssentialApp;
			};
			name = Release;
		};
		7BAE06E22B2BACC8005F04C1 /* Debug */ = {
			isa = XCBuildConfiguration;
			buildSettings = {
				ALWAYS_SEARCH_USER_PATHS = NO;
				ASSETCATALOG_COMPILER_GENERATE_SWIFT_ASSET_SYMBOL_EXTENSIONS = YES;
				CLANG_ANALYZER_NONNULL = YES;
				CLANG_ANALYZER_NUMBER_OBJECT_CONVERSION = YES_AGGRESSIVE;
				CLANG_CXX_LANGUAGE_STANDARD = "gnu++20";
				CLANG_ENABLE_MODULES = YES;
				CLANG_ENABLE_OBJC_ARC = YES;
				CLANG_ENABLE_OBJC_WEAK = YES;
				CLANG_WARN_BLOCK_CAPTURE_AUTORELEASING = YES;
				CLANG_WARN_BOOL_CONVERSION = YES;
				CLANG_WARN_COMMA = YES;
				CLANG_WARN_CONSTANT_CONVERSION = YES;
				CLANG_WARN_DEPRECATED_OBJC_IMPLEMENTATIONS = YES;
				CLANG_WARN_DIRECT_OBJC_ISA_USAGE = YES_ERROR;
				CLANG_WARN_DOCUMENTATION_COMMENTS = YES;
				CLANG_WARN_EMPTY_BODY = YES;
				CLANG_WARN_ENUM_CONVERSION = YES;
				CLANG_WARN_INFINITE_RECURSION = YES;
				CLANG_WARN_INT_CONVERSION = YES;
				CLANG_WARN_NON_LITERAL_NULL_CONVERSION = YES;
				CLANG_WARN_OBJC_IMPLICIT_RETAIN_SELF = YES;
				CLANG_WARN_OBJC_LITERAL_CONVERSION = YES;
				CLANG_WARN_OBJC_ROOT_CLASS = YES_ERROR;
				CLANG_WARN_QUOTED_INCLUDE_IN_FRAMEWORK_HEADER = YES;
				CLANG_WARN_RANGE_LOOP_ANALYSIS = YES;
				CLANG_WARN_STRICT_PROTOTYPES = YES;
				CLANG_WARN_SUSPICIOUS_MOVE = YES;
				CLANG_WARN_UNGUARDED_AVAILABILITY = YES_AGGRESSIVE;
				CLANG_WARN_UNREACHABLE_CODE = YES;
				CLANG_WARN__DUPLICATE_METHOD_MATCH = YES;
				COPY_PHASE_STRIP = NO;
				DEBUG_INFORMATION_FORMAT = dwarf;
				ENABLE_STRICT_OBJC_MSGSEND = YES;
				ENABLE_TESTABILITY = YES;
				ENABLE_USER_SCRIPT_SANDBOXING = YES;
				GCC_C_LANGUAGE_STANDARD = gnu17;
				GCC_DYNAMIC_NO_PIC = NO;
				GCC_NO_COMMON_BLOCKS = YES;
				GCC_OPTIMIZATION_LEVEL = 0;
				GCC_PREPROCESSOR_DEFINITIONS = (
					"DEBUG=1",
					"$(inherited)",
				);
				GCC_WARN_64_TO_32_BIT_CONVERSION = YES;
				GCC_WARN_ABOUT_RETURN_TYPE = YES_ERROR;
				GCC_WARN_UNDECLARED_SELECTOR = YES;
				GCC_WARN_UNINITIALIZED_AUTOS = YES_AGGRESSIVE;
				GCC_WARN_UNUSED_FUNCTION = YES;
				GCC_WARN_UNUSED_VARIABLE = YES;
				IPHONEOS_DEPLOYMENT_TARGET = 17.0;
				LOCALIZATION_PREFERS_STRING_CATALOGS = YES;
				MTL_ENABLE_DEBUG_INFO = INCLUDE_SOURCE;
				MTL_FAST_MATH = YES;
				ONLY_ACTIVE_ARCH = YES;
				SDKROOT = iphoneos;
				SWIFT_ACTIVE_COMPILATION_CONDITIONS = "DEBUG $(inherited)";
				SWIFT_OPTIMIZATION_LEVEL = "-Onone";
			};
			name = Debug;
		};
		7BAE06E32B2BACC8005F04C1 /* Release */ = {
			isa = XCBuildConfiguration;
			buildSettings = {
				ALWAYS_SEARCH_USER_PATHS = NO;
				ASSETCATALOG_COMPILER_GENERATE_SWIFT_ASSET_SYMBOL_EXTENSIONS = YES;
				CLANG_ANALYZER_NONNULL = YES;
				CLANG_ANALYZER_NUMBER_OBJECT_CONVERSION = YES_AGGRESSIVE;
				CLANG_CXX_LANGUAGE_STANDARD = "gnu++20";
				CLANG_ENABLE_MODULES = YES;
				CLANG_ENABLE_OBJC_ARC = YES;
				CLANG_ENABLE_OBJC_WEAK = YES;
				CLANG_WARN_BLOCK_CAPTURE_AUTORELEASING = YES;
				CLANG_WARN_BOOL_CONVERSION = YES;
				CLANG_WARN_COMMA = YES;
				CLANG_WARN_CONSTANT_CONVERSION = YES;
				CLANG_WARN_DEPRECATED_OBJC_IMPLEMENTATIONS = YES;
				CLANG_WARN_DIRECT_OBJC_ISA_USAGE = YES_ERROR;
				CLANG_WARN_DOCUMENTATION_COMMENTS = YES;
				CLANG_WARN_EMPTY_BODY = YES;
				CLANG_WARN_ENUM_CONVERSION = YES;
				CLANG_WARN_INFINITE_RECURSION = YES;
				CLANG_WARN_INT_CONVERSION = YES;
				CLANG_WARN_NON_LITERAL_NULL_CONVERSION = YES;
				CLANG_WARN_OBJC_IMPLICIT_RETAIN_SELF = YES;
				CLANG_WARN_OBJC_LITERAL_CONVERSION = YES;
				CLANG_WARN_OBJC_ROOT_CLASS = YES_ERROR;
				CLANG_WARN_QUOTED_INCLUDE_IN_FRAMEWORK_HEADER = YES;
				CLANG_WARN_RANGE_LOOP_ANALYSIS = YES;
				CLANG_WARN_STRICT_PROTOTYPES = YES;
				CLANG_WARN_SUSPICIOUS_MOVE = YES;
				CLANG_WARN_UNGUARDED_AVAILABILITY = YES_AGGRESSIVE;
				CLANG_WARN_UNREACHABLE_CODE = YES;
				CLANG_WARN__DUPLICATE_METHOD_MATCH = YES;
				COPY_PHASE_STRIP = NO;
				DEBUG_INFORMATION_FORMAT = "dwarf-with-dsym";
				ENABLE_NS_ASSERTIONS = NO;
				ENABLE_STRICT_OBJC_MSGSEND = YES;
				ENABLE_USER_SCRIPT_SANDBOXING = YES;
				GCC_C_LANGUAGE_STANDARD = gnu17;
				GCC_NO_COMMON_BLOCKS = YES;
				GCC_WARN_64_TO_32_BIT_CONVERSION = YES;
				GCC_WARN_ABOUT_RETURN_TYPE = YES_ERROR;
				GCC_WARN_UNDECLARED_SELECTOR = YES;
				GCC_WARN_UNINITIALIZED_AUTOS = YES_AGGRESSIVE;
				GCC_WARN_UNUSED_FUNCTION = YES;
				GCC_WARN_UNUSED_VARIABLE = YES;
				IPHONEOS_DEPLOYMENT_TARGET = 17.0;
				LOCALIZATION_PREFERS_STRING_CATALOGS = YES;
				MTL_ENABLE_DEBUG_INFO = NO;
				MTL_FAST_MATH = YES;
				SDKROOT = iphoneos;
				SWIFT_COMPILATION_MODE = wholemodule;
				VALIDATE_PRODUCT = YES;
			};
			name = Release;
		};
		7BAE06E52B2BACC8005F04C1 /* Debug */ = {
			isa = XCBuildConfiguration;
			buildSettings = {
				ASSETCATALOG_COMPILER_APPICON_NAME = AppIcon;
				ASSETCATALOG_COMPILER_GLOBAL_ACCENT_COLOR_NAME = AccentColor;
				CODE_SIGN_STYLE = Automatic;
				CURRENT_PROJECT_VERSION = 1;
				GENERATE_INFOPLIST_FILE = YES;
				INFOPLIST_FILE = EssentialApp/Info.plist;
				INFOPLIST_KEY_UIApplicationSupportsIndirectInputEvents = YES;
				INFOPLIST_KEY_UILaunchStoryboardName = LaunchScreen;
				INFOPLIST_KEY_UIMainStoryboardFile = Main;
				INFOPLIST_KEY_UISupportedInterfaceOrientations = "UIInterfaceOrientationLandscapeRight UIInterfaceOrientationPortrait";
				INFOPLIST_KEY_UISupportedInterfaceOrientations_iPad = UIInterfaceOrientationPortrait;
				LD_RUNPATH_SEARCH_PATHS = (
					"$(inherited)",
					"@executable_path/Frameworks",
				);
				MARKETING_VERSION = 1.0;
				PRODUCT_BUNDLE_IDENTIFIER = com.fernandozaldivarcoto.EssentialApp;
				PRODUCT_NAME = "$(TARGET_NAME)";
				SWIFT_EMIT_LOC_STRINGS = YES;
				SWIFT_VERSION = 5.0;
				TARGETED_DEVICE_FAMILY = "1,2";
			};
			name = Debug;
		};
		7BAE06E62B2BACC8005F04C1 /* Release */ = {
			isa = XCBuildConfiguration;
			buildSettings = {
				ASSETCATALOG_COMPILER_APPICON_NAME = AppIcon;
				ASSETCATALOG_COMPILER_GLOBAL_ACCENT_COLOR_NAME = AccentColor;
				CODE_SIGN_STYLE = Automatic;
				CURRENT_PROJECT_VERSION = 1;
				GENERATE_INFOPLIST_FILE = YES;
				INFOPLIST_FILE = EssentialApp/Info.plist;
				INFOPLIST_KEY_UIApplicationSupportsIndirectInputEvents = YES;
				INFOPLIST_KEY_UILaunchStoryboardName = LaunchScreen;
				INFOPLIST_KEY_UIMainStoryboardFile = Main;
				INFOPLIST_KEY_UISupportedInterfaceOrientations = "UIInterfaceOrientationLandscapeRight UIInterfaceOrientationPortrait";
				INFOPLIST_KEY_UISupportedInterfaceOrientations_iPad = UIInterfaceOrientationPortrait;
				LD_RUNPATH_SEARCH_PATHS = (
					"$(inherited)",
					"@executable_path/Frameworks",
				);
				MARKETING_VERSION = 1.0;
				PRODUCT_BUNDLE_IDENTIFIER = com.fernandozaldivarcoto.EssentialApp;
				PRODUCT_NAME = "$(TARGET_NAME)";
				SWIFT_EMIT_LOC_STRINGS = YES;
				SWIFT_VERSION = 5.0;
				TARGETED_DEVICE_FAMILY = "1,2";
			};
			name = Release;
		};
		7BAE06E82B2BACC8005F04C1 /* Debug */ = {
			isa = XCBuildConfiguration;
			buildSettings = {
				ALWAYS_EMBED_SWIFT_STANDARD_LIBRARIES = YES;
				BUNDLE_LOADER = "$(TEST_HOST)";
				CLANG_ENABLE_MODULES = YES;
				CODE_SIGN_STYLE = Automatic;
				CURRENT_PROJECT_VERSION = 1;
				GENERATE_INFOPLIST_FILE = YES;
				IPHONEOS_DEPLOYMENT_TARGET = 17.0;
				MARKETING_VERSION = 1.0;
				PRODUCT_BUNDLE_IDENTIFIER = com.fernandozaldivarcoto.EssentialAppTests;
				PRODUCT_NAME = "$(TARGET_NAME)";
				SWIFT_EMIT_LOC_STRINGS = NO;
				SWIFT_OBJC_BRIDGING_HEADER = "EssentialAppTests/EssentialAppTests-Bridging-Header.h";
				SWIFT_OPTIMIZATION_LEVEL = "-Onone";
				SWIFT_VERSION = 5.0;
				TARGETED_DEVICE_FAMILY = "1,2";
				TEST_HOST = "$(BUILT_PRODUCTS_DIR)/EssentialApp.app/$(BUNDLE_EXECUTABLE_FOLDER_PATH)/EssentialApp";
			};
			name = Debug;
		};
		7BAE06E92B2BACC8005F04C1 /* Release */ = {
			isa = XCBuildConfiguration;
			buildSettings = {
				ALWAYS_EMBED_SWIFT_STANDARD_LIBRARIES = YES;
				BUNDLE_LOADER = "$(TEST_HOST)";
				CLANG_ENABLE_MODULES = YES;
				CODE_SIGN_STYLE = Automatic;
				CURRENT_PROJECT_VERSION = 1;
				GENERATE_INFOPLIST_FILE = YES;
				IPHONEOS_DEPLOYMENT_TARGET = 17.0;
				MARKETING_VERSION = 1.0;
				PRODUCT_BUNDLE_IDENTIFIER = com.fernandozaldivarcoto.EssentialAppTests;
				PRODUCT_NAME = "$(TARGET_NAME)";
				SWIFT_EMIT_LOC_STRINGS = NO;
				SWIFT_OBJC_BRIDGING_HEADER = "EssentialAppTests/EssentialAppTests-Bridging-Header.h";
				SWIFT_VERSION = 5.0;
				TARGETED_DEVICE_FAMILY = "1,2";
				TEST_HOST = "$(BUILT_PRODUCTS_DIR)/EssentialApp.app/$(BUNDLE_EXECUTABLE_FOLDER_PATH)/EssentialApp";
			};
			name = Release;
		};
/* End XCBuildConfiguration section */

/* Begin XCConfigurationList section */
		7B51AB542B33836700E82E55 /* Build configuration list for PBXNativeTarget "EssentialAppUIAcceptanceTests" */ = {
			isa = XCConfigurationList;
			buildConfigurations = (
				7B51AB522B33836700E82E55 /* Debug */,
				7B51AB532B33836700E82E55 /* Release */,
			);
			defaultConfigurationIsVisible = 0;
			defaultConfigurationName = Release;
		};
		7BAE06B52B2BACC5005F04C1 /* Build configuration list for PBXProject "EssentialApp" */ = {
			isa = XCConfigurationList;
			buildConfigurations = (
				7BAE06E22B2BACC8005F04C1 /* Debug */,
				7BAE06E32B2BACC8005F04C1 /* Release */,
			);
			defaultConfigurationIsVisible = 0;
			defaultConfigurationName = Release;
		};
		7BAE06E42B2BACC8005F04C1 /* Build configuration list for PBXNativeTarget "EssentialApp" */ = {
			isa = XCConfigurationList;
			buildConfigurations = (
				7BAE06E52B2BACC8005F04C1 /* Debug */,
				7BAE06E62B2BACC8005F04C1 /* Release */,
			);
			defaultConfigurationIsVisible = 0;
			defaultConfigurationName = Release;
		};
		7BAE06E72B2BACC8005F04C1 /* Build configuration list for PBXNativeTarget "EssentialAppTests" */ = {
			isa = XCConfigurationList;
			buildConfigurations = (
				7BAE06E82B2BACC8005F04C1 /* Debug */,
				7BAE06E92B2BACC8005F04C1 /* Release */,
			);
			defaultConfigurationIsVisible = 0;
			defaultConfigurationName = Release;
		};
/* End XCConfigurationList section */
	};
	rootObject = 7BAE06B22B2BACC5005F04C1 /* Project object */;
}
